
Microsoft Visual Studio Solution File, Format Version 12.00
# Visual Studio Version 16
VisualStudioVersion = 16.0.31729.503
MinimumVisualStudioVersion = 10.0.40219.1
Project("{FAE04EC0-301F-11D3-BF4B-00C04F79EFBC}") = "Cafe_Console", "Cafe_ConsoleApp\Cafe_Console.csproj", "{E05CA906-4018-4011-9D54-E89D4C42909B}"
EndProject
Project("{FAE04EC0-301F-11D3-BF4B-00C04F79EFBC}") = "Cafe_Repository", "Cafe_Repository\Cafe_Repository.csproj", "{9A45F37F-4792-42EC-B108-DE60832D1C51}"
EndProject
Project("{FAE04EC0-301F-11D3-BF4B-00C04F79EFBC}") = "Cafe_MethodsTest", "MenuMethodsTest\Cafe_MethodsTest.csproj", "{DD68BCE1-7628-4086-861F-EA08366365E3}"
EndProject
Project("{FAE04EC0-301F-11D3-BF4B-00C04F79EFBC}") = "Greeting_Console", "Greeting_Console\Greeting_Console.csproj", "{EA74D82A-C4E6-42D3-8DE2-BCE2B2EE6982}"
EndProject
Project("{FAE04EC0-301F-11D3-BF4B-00C04F79EFBC}") = "Greeting_Repository", "Greeting_Repository\Greeting_Repository.csproj", "{17F9CC8D-2CFB-4B77-AD20-67769DBDCC27}"
EndProject
Project("{2150E333-8FDC-42A3-9474-1A3956D46DE8}") = "1_CafeChallenge", "1_CafeChallenge", "{365F1766-0023-4E62-AD26-9AA609AF1407}"
EndProject
Project("{2150E333-8FDC-42A3-9474-1A3956D46DE8}") = "2_GreetingChallenge", "2_GreetingChallenge", "{23971CFA-973D-41EF-A5B2-7016A5B0BEFC}"
EndProject
Project("{FAE04EC0-301F-11D3-BF4B-00C04F79EFBC}") = "Greeting_MethodsTest", "Greeting_MethodTest\Greeting_MethodsTest.csproj", "{F7A3B80F-A1DF-4A9E-9365-ACDB05E2D633}"
EndProject
Project("{2150E333-8FDC-42A3-9474-1A3956D46DE8}") = "3_SmartInsuranceChallenge", "3_SmartInsuranceChallenge", "{E4C91EC0-6BAE-4508-A7EB-74246301521E}"
EndProject
Project("{FAE04EC0-301F-11D3-BF4B-00C04F79EFBC}") = "SmartInsurance_Console", "SmartInsurance_Console\SmartInsurance_Console.csproj", "{129A6616-8620-49D4-A705-87EA0738E170}"
EndProject
Project("{FAE04EC0-301F-11D3-BF4B-00C04F79EFBC}") = "SmartInsurance_MethodsTest", "SmartInsureanceMethodsTest\SmartInsurance_MethodsTest.csproj", "{70D4AB24-8D78-4F99-9F64-91BBF9DDAEE3}"
EndProject
Project("{FAE04EC0-301F-11D3-BF4B-00C04F79EFBC}") = "SmartInsurance_Reposotory", "SmartInsureanceMethodReposotory\SmartInsurance_Reposotory.csproj", "{EB60D57E-382F-4741-8C66-D417E0B38E5A}"
EndProject
Project("{2150E333-8FDC-42A3-9474-1A3956D46DE8}") = "4_ClaimsChallenge", "4_ClaimsChallenge", "{AA0F376C-F758-4DD2-8CAF-077EBF14F40F}"
EndProject
Project("{FAE04EC0-301F-11D3-BF4B-00C04F79EFBC}") = "Claims_Console", "Claims_Console\Claims_Console.csproj", "{A40443AB-7F06-4D53-A4D1-A2BA1A8D5894}"
EndProject
Project("{FAE04EC0-301F-11D3-BF4B-00C04F79EFBC}") = "Claims_MethodsTest", "Claims_MethodsTest\Claims_MethodsTest.csproj", "{73A80D19-38E9-46C0-AB71-238EC2FD23A2}"
EndProject
Project("{FAE04EC0-301F-11D3-BF4B-00C04F79EFBC}") = "Claims_Repository", "Claims_Repository\Claims_Repository.csproj", "{B039272F-34BA-4473-8579-4B1ED58EB83A}"
EndProject
Global
	GlobalSection(SolutionConfigurationPlatforms) = preSolution
		Debug|Any CPU = Debug|Any CPU
		Release|Any CPU = Release|Any CPU
	EndGlobalSection
	GlobalSection(ProjectConfigurationPlatforms) = postSolution
		{E05CA906-4018-4011-9D54-E89D4C42909B}.Debug|Any CPU.ActiveCfg = Debug|Any CPU
		{E05CA906-4018-4011-9D54-E89D4C42909B}.Debug|Any CPU.Build.0 = Debug|Any CPU
		{E05CA906-4018-4011-9D54-E89D4C42909B}.Release|Any CPU.ActiveCfg = Release|Any CPU
		{E05CA906-4018-4011-9D54-E89D4C42909B}.Release|Any CPU.Build.0 = Release|Any CPU
		{9A45F37F-4792-42EC-B108-DE60832D1C51}.Debug|Any CPU.ActiveCfg = Debug|Any CPU
		{9A45F37F-4792-42EC-B108-DE60832D1C51}.Debug|Any CPU.Build.0 = Debug|Any CPU
		{9A45F37F-4792-42EC-B108-DE60832D1C51}.Release|Any CPU.ActiveCfg = Release|Any CPU
		{9A45F37F-4792-42EC-B108-DE60832D1C51}.Release|Any CPU.Build.0 = Release|Any CPU
		{DD68BCE1-7628-4086-861F-EA08366365E3}.Debug|Any CPU.ActiveCfg = Debug|Any CPU
		{DD68BCE1-7628-4086-861F-EA08366365E3}.Debug|Any CPU.Build.0 = Debug|Any CPU
		{DD68BCE1-7628-4086-861F-EA08366365E3}.Release|Any CPU.ActiveCfg = Release|Any CPU
		{DD68BCE1-7628-4086-861F-EA08366365E3}.Release|Any CPU.Build.0 = Release|Any CPU
		{EA74D82A-C4E6-42D3-8DE2-BCE2B2EE6982}.Debug|Any CPU.ActiveCfg = Debug|Any CPU
		{EA74D82A-C4E6-42D3-8DE2-BCE2B2EE6982}.Debug|Any CPU.Build.0 = Debug|Any CPU
		{EA74D82A-C4E6-42D3-8DE2-BCE2B2EE6982}.Release|Any CPU.ActiveCfg = Release|Any CPU
		{EA74D82A-C4E6-42D3-8DE2-BCE2B2EE6982}.Release|Any CPU.Build.0 = Release|Any CPU
		{17F9CC8D-2CFB-4B77-AD20-67769DBDCC27}.Debug|Any CPU.ActiveCfg = Debug|Any CPU
		{17F9CC8D-2CFB-4B77-AD20-67769DBDCC27}.Debug|Any CPU.Build.0 = Debug|Any CPU
		{17F9CC8D-2CFB-4B77-AD20-67769DBDCC27}.Release|Any CPU.ActiveCfg = Release|Any CPU
		{17F9CC8D-2CFB-4B77-AD20-67769DBDCC27}.Release|Any CPU.Build.0 = Release|Any CPU
		{F7A3B80F-A1DF-4A9E-9365-ACDB05E2D633}.Debug|Any CPU.ActiveCfg = Debug|Any CPU
		{F7A3B80F-A1DF-4A9E-9365-ACDB05E2D633}.Debug|Any CPU.Build.0 = Debug|Any CPU
		{F7A3B80F-A1DF-4A9E-9365-ACDB05E2D633}.Release|Any CPU.ActiveCfg = Release|Any CPU
		{F7A3B80F-A1DF-4A9E-9365-ACDB05E2D633}.Release|Any CPU.Build.0 = Release|Any CPU
		{129A6616-8620-49D4-A705-87EA0738E170}.Debug|Any CPU.ActiveCfg = Debug|Any CPU
		{129A6616-8620-49D4-A705-87EA0738E170}.Debug|Any CPU.Build.0 = Debug|Any CPU
		{129A6616-8620-49D4-A705-87EA0738E170}.Release|Any CPU.ActiveCfg = Release|Any CPU
		{129A6616-8620-49D4-A705-87EA0738E170}.Release|Any CPU.Build.0 = Release|Any CPU
		{70D4AB24-8D78-4F99-9F64-91BBF9DDAEE3}.Debug|Any CPU.ActiveCfg = Debug|Any CPU
		{70D4AB24-8D78-4F99-9F64-91BBF9DDAEE3}.Debug|Any CPU.Build.0 = Debug|Any CPU
		{70D4AB24-8D78-4F99-9F64-91BBF9DDAEE3}.Release|Any CPU.ActiveCfg = Release|Any CPU
		{70D4AB24-8D78-4F99-9F64-91BBF9DDAEE3}.Release|Any CPU.Build.0 = Release|Any CPU
		{EB60D57E-382F-4741-8C66-D417E0B38E5A}.Debug|Any CPU.ActiveCfg = Debug|Any CPU
		{EB60D57E-382F-4741-8C66-D417E0B38E5A}.Debug|Any CPU.Build.0 = Debug|Any CPU
		{EB60D57E-382F-4741-8C66-D417E0B38E5A}.Release|Any CPU.ActiveCfg = Release|Any CPU
		{EB60D57E-382F-4741-8C66-D417E0B38E5A}.Release|Any CPU.Build.0 = Release|Any CPU
		{A40443AB-7F06-4D53-A4D1-A2BA1A8D5894}.Debug|Any CPU.ActiveCfg = Debug|Any CPU
		{A40443AB-7F06-4D53-A4D1-A2BA1A8D5894}.Debug|Any CPU.Build.0 = Debug|Any CPU
		{A40443AB-7F06-4D53-A4D1-A2BA1A8D5894}.Release|Any CPU.ActiveCfg = Release|Any CPU
		{A40443AB-7F06-4D53-A4D1-A2BA1A8D5894}.Release|Any CPU.Build.0 = Release|Any CPU
		{73A80D19-38E9-46C0-AB71-238EC2FD23A2}.Debug|Any CPU.ActiveCfg = Debug|Any CPU
		{73A80D19-38E9-46C0-AB71-238EC2FD23A2}.Debug|Any CPU.Build.0 = Debug|Any CPU
		{73A80D19-38E9-46C0-AB71-238EC2FD23A2}.Release|Any CPU.ActiveCfg = Release|Any CPU
		{73A80D19-38E9-46C0-AB71-238EC2FD23A2}.Release|Any CPU.Build.0 = Release|Any CPU
		{B039272F-34BA-4473-8579-4B1ED58EB83A}.Debug|Any CPU.ActiveCfg = Debug|Any CPU
		{B039272F-34BA-4473-8579-4B1ED58EB83A}.Debug|Any CPU.Build.0 = Debug|Any CPU
		{B039272F-34BA-4473-8579-4B1ED58EB83A}.Release|Any CPU.ActiveCfg = Release|Any CPU
		{B039272F-34BA-4473-8579-4B1ED58EB83A}.Release|Any CPU.Build.0 = Release|Any CPU
	EndGlobalSection
	GlobalSection(SolutionProperties) = preSolution
		HideSolutionNode = FALSE
	EndGlobalSection
	GlobalSection(NestedProjects) = preSolution
		{E05CA906-4018-4011-9D54-E89D4C42909B} = {365F1766-0023-4E62-AD26-9AA609AF1407}
		{9A45F37F-4792-42EC-B108-DE60832D1C51} = {365F1766-0023-4E62-AD26-9AA609AF1407}
		{DD68BCE1-7628-4086-861F-EA08366365E3} = {365F1766-0023-4E62-AD26-9AA609AF1407}
		{EA74D82A-C4E6-42D3-8DE2-BCE2B2EE6982} = {23971CFA-973D-41EF-A5B2-7016A5B0BEFC}
		{17F9CC8D-2CFB-4B77-AD20-67769DBDCC27} = {23971CFA-973D-41EF-A5B2-7016A5B0BEFC}
		{F7A3B80F-A1DF-4A9E-9365-ACDB05E2D633} = {23971CFA-973D-41EF-A5B2-7016A5B0BEFC}
		{129A6616-8620-49D4-A705-87EA0738E170} = {E4C91EC0-6BAE-4508-A7EB-74246301521E}
		{70D4AB24-8D78-4F99-9F64-91BBF9DDAEE3} = {E4C91EC0-6BAE-4508-A7EB-74246301521E}
		{EB60D57E-382F-4741-8C66-D417E0B38E5A} = {E4C91EC0-6BAE-4508-A7EB-74246301521E}
		{A40443AB-7F06-4D53-A4D1-A2BA1A8D5894} = {AA0F376C-F758-4DD2-8CAF-077EBF14F40F}
		{73A80D19-38E9-46C0-AB71-238EC2FD23A2} = {AA0F376C-F758-4DD2-8CAF-077EBF14F40F}
		{B039272F-34BA-4473-8579-4B1ED58EB83A} = {AA0F376C-F758-4DD2-8CAF-077EBF14F40F}
	EndGlobalSection
	GlobalSection(ExtensibilityGlobals) = postSolution
		SolutionGuid = {B53D2499-5A6F-44DE-84CD-5E26A5AC3221}
	EndGlobalSection
EndGlobal
